
Microsoft Visual Studio Solution File, Format Version 12.00
# Visual Studio Version 16
VisualStudioVersion = 16.0.31702.278
MinimumVisualStudioVersion = 10.0.40219.1
Project("{FAE04EC0-301F-11D3-BF4B-00C04F79EFBC}") = "FirstDotNetApp", "FirstDotNetApp\FirstDotNetApp.csproj", "{FFD78B02-B813-4B3D-8542-153D2E48BFCD}"
EndProject
Global
	GlobalSection(SolutionConfigurationPlatforms) = preSolution
		Debug|Any CPU = Debug|Any CPU
		Release|Any CPU = Release|Any CPU
	EndGlobalSection
	GlobalSection(ProjectConfigurationPlatforms) = postSolution
		{FFD78B02-B813-4B3D-8542-153D2E48BFCD}.Debug|Any CPU.ActiveCfg = Debug|Any CPU
		{FFD78B02-B813-4B3D-8542-153D2E48BFCD}.Debug|Any CPU.Build.0 = Debug|Any CPU
		{FFD78B02-B813-4B3D-8542-153D2E48BFCD}.Release|Any CPU.ActiveCfg = Release|Any CPU
		{FFD78B02-B813-4B3D-8542-153D2E48BFCD}.Release|Any CPU.Build.0 = Release|Any CPU
	EndGlobalSection
	GlobalSection(SolutionProperties) = preSolution
		HideSolutionNode = FALSE
	EndGlobalSection
	GlobalSection(ExtensibilityGlobals) = postSolution
		SolutionGuid = {343A4AE0-A7DF-40FD-8BCE-B0A43BC7B772}
	EndGlobalSection
EndGlobal
